
Microsoft Visual Studio Solution File, Format Version 12.00
# Visual Studio 15
VisualStudioVersion = 15.0.28307.645
MinimumVisualStudioVersion = 10.0.40219.1
Project("{FAE04EC0-301F-11D3-BF4B-00C04F79EFBC}") = "MyPortfolio", "MyPortfolio\MyPortfolio.csproj", "{52E9C3C1-659A-4A6E-94B9-087FC8D9A951}"
EndProject
Global
	GlobalSection(SolutionConfigurationPlatforms) = preSolution
		Debug|Any CPU = Debug|Any CPU
		Release|Any CPU = Release|Any CPU
	EndGlobalSection
	GlobalSection(ProjectConfigurationPlatforms) = postSolution
		{52E9C3C1-659A-4A6E-94B9-087FC8D9A951}.Debug|Any CPU.ActiveCfg = Debug|Any CPU
		{52E9C3C1-659A-4A6E-94B9-087FC8D9A951}.Debug|Any CPU.Build.0 = Debug|Any CPU
		{52E9C3C1-659A-4A6E-94B9-087FC8D9A951}.Release|Any CPU.ActiveCfg = Release|Any CPU
		{52E9C3C1-659A-4A6E-94B9-087FC8D9A951}.Release|Any CPU.Build.0 = Release|Any CPU
	EndGlobalSection
	GlobalSection(SolutionProperties) = preSolution
		HideSolutionNode = FALSE
	EndGlobalSection
	GlobalSection(ExtensibilityGlobals) = postSolution
		SolutionGuid = {6324CFD5-2089-4FCE-9A64-AD9561C1D2EE}
	EndGlobalSection
EndGlobal
